
Microsoft Visual Studio Solution File, Format Version 12.00
# Visual Studio Version 17
VisualStudioVersion = 17.5.33530.505
MinimumVisualStudioVersion = 10.0.40219.1
Project("{8BC9CEB8-8B4A-11D0-8D11-00A0C91BC942}") = "FeDEx", "FeDEx.vcxproj", "{401AF148-4DE9-4879-85BE-D9F2CE148AF2}"
EndProject
Global
	GlobalSection(SolutionConfigurationPlatforms) = preSolution
		Debug|x86 = Debug|x86
		Release|x86 = Release|x86
	EndGlobalSection
	GlobalSection(ProjectConfigurationPlatforms) = postSolution
		{401AF148-4DE9-4879-85BE-D9F2CE148AF2}.Debug|x86.ActiveCfg = Debug|Win32
		{401AF148-4DE9-4879-85BE-D9F2CE148AF2}.Debug|x86.Build.0 = Debug|Win32
		{401AF148-4DE9-4879-85BE-D9F2CE148AF2}.Release|x86.ActiveCfg = Release|Win32
		{401AF148-4DE9-4879-85BE-D9F2CE148AF2}.Release|x86.Build.0 = Release|Win32
	EndGlobalSection
	GlobalSection(SolutionProperties) = preSolution
		HideSolutionNode = FALSE
	EndGlobalSection
	GlobalSection(ExtensibilityGlobals) = postSolution
		SolutionGuid = {43AE9318-0373-4FC0-99AC-0B9FC3D80391}
	EndGlobalSection
EndGlobal
